
Microsoft Visual Studio Solution File, Format Version 12.00
Project("{FAE04EC0-301F-11D3-BF4B-00C04F79EFBC}") = "OOP", "OOP\OOP.csproj", "{B62A9D51-9E4C-49BC-8471-703A51A8D13C}"
EndProject
Global
	GlobalSection(SolutionConfigurationPlatforms) = preSolution
		Debug|Any CPU = Debug|Any CPU
		Release|Any CPU = Release|Any CPU
	EndGlobalSection
	GlobalSection(ProjectConfigurationPlatforms) = postSolution
		{B62A9D51-9E4C-49BC-8471-703A51A8D13C}.Debug|Any CPU.ActiveCfg = Debug|Any CPU
		{B62A9D51-9E4C-49BC-8471-703A51A8D13C}.Debug|Any CPU.Build.0 = Debug|Any CPU
		{B62A9D51-9E4C-49BC-8471-703A51A8D13C}.Release|Any CPU.ActiveCfg = Release|Any CPU
		{B62A9D51-9E4C-49BC-8471-703A51A8D13C}.Release|Any CPU.Build.0 = Release|Any CPU
	EndGlobalSection
EndGlobal
